{
  "name": "font",
  "lockfileVersion": 3,
  "requires": true,
  "packages": {
    "": {
      "dependencies": {
        "fonteditor-core": "^2.4.1",
        "wasm-potrace": "^0.4.1"
      }
    },
    "node_modules/@xmldom/xmldom": {
      "version": "0.8.10",
      "resolved": "https://registry.npmjs.org/@xmldom/xmldom/-/xmldom-0.8.10.tgz",
      "integrity": "sha512-2WALfTl4xo2SkGCYRt6rDTFfk9R1czmBvUQy12gK2KuRKIpWEhcbbzy8EZXtz/jkRqHX8bFEc6FC1HjX4TUWYw==",
      "license": "MIT",
      "engines": {
        "node": ">=10.0.0"
      }
    },
    "node_modules/fonteditor-core": {
      "version": "2.4.1",
      "resolved": "https://registry.npmjs.org/fonteditor-core/-/fonteditor-core-2.4.1.tgz",
      "integrity": "sha512-nKDDt6kBQGq665tQO5tCRQUClJG/2MAF9YT1eKHl+I4NasdSb6DgXrv/gMjNxjo9NyaVEv9KU9VZxLHMstN1wg==",
      "dependencies": {
        "@xmldom/xmldom": "^0.8.3"
      }
    },
    "node_modules/wasm-potrace": {
      "version": "0.4.1",
      "resolved": "https://registry.npmjs.org/wasm-potrace/-/wasm-potrace-0.4.1.tgz",
      "integrity": "sha512-/LI2We1WVQdfX8ZF2IIIAGFOhL1GDvgJBINZ9cOnUNWHEhOW9iD/LBhH60S9UROb2/QTSNWEEn+RGJGnmFo3mA==",
      "license": "GPL-2.0"
    }
  }
}
